
Microsoft Visual Studio Solution File, Format Version 12.00
# Visual Studio 2012
Project("{FAE04EC0-301F-11D3-BF4B-00C04F79EFBC}") = "XFGloss", "XFGloss\XFGloss.csproj", "{11CF9A53-400F-45D3-AD6E-07F03C79F658}"
EndProject
Project("{FAE04EC0-301F-11D3-BF4B-00C04F79EFBC}") = "XFGloss.iOS", "XFGloss.iOS\XFGloss.iOS.csproj", "{C3584CD0-FB78-4B0B-A137-6289AD552B05}"
EndProject
Project("{FAE04EC0-301F-11D3-BF4B-00C04F79EFBC}") = "XFGloss.Droid", "XFGloss.Droid\XFGloss.Droid.csproj", "{0C669162-C7B9-4AF0-A6DB-E9B4F3766DAB}"
EndProject
Project("{FAE04EC0-301F-11D3-BF4B-00C04F79EFBC}") = "XFGlossSample", "XFGlossSample\XFGlossSample.csproj", "{85782E99-58CC-4F4A-A76F-AEF10EBF01D5}"
EndProject
Project("{FAE04EC0-301F-11D3-BF4B-00C04F79EFBC}") = "XFGlossSample.iOS", "XFGlossSample.iOS\XFGlossSample.iOS.csproj", "{E8955D54-F1AE-4B54-96B4-6CF73BD8021F}"
EndProject
Project("{FAE04EC0-301F-11D3-BF4B-00C04F79EFBC}") = "XFGlossSample.Droid", "XFGlossSample.Droid\XFGlossSample.Droid.csproj", "{16011700-BE9F-43A0-A779-264FF066D15D}"
EndProject
Project("{2150E333-8FDC-42A3-9474-1A3956D46DE8}") = "Solution Items", "Solution Items", "{6193ACB1-6070-41E5-B8D8-F2A72B3147FE}"
	ProjectSection(SolutionItems) = preProject
		readme.txt = readme.txt
		XFGloss.nuspec = XFGloss.nuspec
	EndProjectSection
EndProject
Global
	GlobalSection(SolutionConfigurationPlatforms) = preSolution
		Debug|Any CPU = Debug|Any CPU
		Release|Any CPU = Release|Any CPU
		Debug|iPhoneSimulator = Debug|iPhoneSimulator
		Release|iPhone = Release|iPhone
		Release|iPhoneSimulator = Release|iPhoneSimulator
		Debug|iPhone = Debug|iPhone
	EndGlobalSection
	GlobalSection(ProjectConfigurationPlatforms) = postSolution
		{11CF9A53-400F-45D3-AD6E-07F03C79F658}.Debug|Any CPU.ActiveCfg = Debug|Any CPU
		{11CF9A53-400F-45D3-AD6E-07F03C79F658}.Debug|Any CPU.Build.0 = Debug|Any CPU
		{11CF9A53-400F-45D3-AD6E-07F03C79F658}.Release|Any CPU.ActiveCfg = Release|Any CPU
		{11CF9A53-400F-45D3-AD6E-07F03C79F658}.Release|Any CPU.Build.0 = Release|Any CPU
		{11CF9A53-400F-45D3-AD6E-07F03C79F658}.Debug|iPhoneSimulator.ActiveCfg = Debug|Any CPU
		{11CF9A53-400F-45D3-AD6E-07F03C79F658}.Debug|iPhoneSimulator.Build.0 = Debug|Any CPU
		{11CF9A53-400F-45D3-AD6E-07F03C79F658}.Release|iPhone.ActiveCfg = Release|Any CPU
		{11CF9A53-400F-45D3-AD6E-07F03C79F658}.Release|iPhone.Build.0 = Release|Any CPU
		{11CF9A53-400F-45D3-AD6E-07F03C79F658}.Release|iPhoneSimulator.ActiveCfg = Release|Any CPU
		{11CF9A53-400F-45D3-AD6E-07F03C79F658}.Release|iPhoneSimulator.Build.0 = Release|Any CPU
		{11CF9A53-400F-45D3-AD6E-07F03C79F658}.Debug|iPhone.ActiveCfg = Debug|Any CPU
		{11CF9A53-400F-45D3-AD6E-07F03C79F658}.Debug|iPhone.Build.0 = Debug|Any CPU
		{C3584CD0-FB78-4B0B-A137-6289AD552B05}.Debug|Any CPU.ActiveCfg = Debug|Any CPU
		{C3584CD0-FB78-4B0B-A137-6289AD552B05}.Debug|Any CPU.Build.0 = Debug|Any CPU
		{C3584CD0-FB78-4B0B-A137-6289AD552B05}.Release|Any CPU.ActiveCfg = Release|Any CPU
		{C3584CD0-FB78-4B0B-A137-6289AD552B05}.Release|Any CPU.Build.0 = Release|Any CPU
		{C3584CD0-FB78-4B0B-A137-6289AD552B05}.Debug|iPhoneSimulator.ActiveCfg = Debug|Any CPU
		{C3584CD0-FB78-4B0B-A137-6289AD552B05}.Debug|iPhoneSimulator.Build.0 = Debug|Any CPU
		{C3584CD0-FB78-4B0B-A137-6289AD552B05}.Release|iPhone.ActiveCfg = Release|Any CPU
		{C3584CD0-FB78-4B0B-A137-6289AD552B05}.Release|iPhone.Build.0 = Release|Any CPU
		{C3584CD0-FB78-4B0B-A137-6289AD552B05}.Release|iPhoneSimulator.ActiveCfg = Release|Any CPU
		{C3584CD0-FB78-4B0B-A137-6289AD552B05}.Release|iPhoneSimulator.Build.0 = Release|Any CPU
		{C3584CD0-FB78-4B0B-A137-6289AD552B05}.Debug|iPhone.ActiveCfg = Debug|Any CPU
		{C3584CD0-FB78-4B0B-A137-6289AD552B05}.Debug|iPhone.Build.0 = Debug|Any CPU
		{0C669162-C7B9-4AF0-A6DB-E9B4F3766DAB}.Debug|Any CPU.ActiveCfg = Debug|Any CPU
		{0C669162-C7B9-4AF0-A6DB-E9B4F3766DAB}.Debug|Any CPU.Build.0 = Debug|Any CPU
		{0C669162-C7B9-4AF0-A6DB-E9B4F3766DAB}.Release|Any CPU.ActiveCfg = Release|Any CPU
		{0C669162-C7B9-4AF0-A6DB-E9B4F3766DAB}.Release|Any CPU.Build.0 = Release|Any CPU
		{0C669162-C7B9-4AF0-A6DB-E9B4F3766DAB}.Debug|iPhoneSimulator.ActiveCfg = Debug|Any CPU
		{0C669162-C7B9-4AF0-A6DB-E9B4F3766DAB}.Debug|iPhoneSimulator.Build.0 = Debug|Any CPU
		{0C669162-C7B9-4AF0-A6DB-E9B4F3766DAB}.Release|iPhone.ActiveCfg = Release|Any CPU
		{0C669162-C7B9-4AF0-A6DB-E9B4F3766DAB}.Release|iPhone.Build.0 = Release|Any CPU
		{0C669162-C7B9-4AF0-A6DB-E9B4F3766DAB}.Release|iPhoneSimulator.ActiveCfg = Release|Any CPU
		{0C669162-C7B9-4AF0-A6DB-E9B4F3766DAB}.Release|iPhoneSimulator.Build.0 = Release|Any CPU
		{0C669162-C7B9-4AF0-A6DB-E9B4F3766DAB}.Debug|iPhone.ActiveCfg = Debug|Any CPU
		{0C669162-C7B9-4AF0-A6DB-E9B4F3766DAB}.Debug|iPhone.Build.0 = Debug|Any CPU
		{85782E99-58CC-4F4A-A76F-AEF10EBF01D5}.Debug|Any CPU.ActiveCfg = Debug|Any CPU
		{85782E99-58CC-4F4A-A76F-AEF10EBF01D5}.Debug|Any CPU.Build.0 = Debug|Any CPU
		{85782E99-58CC-4F4A-A76F-AEF10EBF01D5}.Release|Any CPU.ActiveCfg = Release|Any CPU
		{85782E99-58CC-4F4A-A76F-AEF10EBF01D5}.Release|Any CPU.Build.0 = Release|Any CPU
		{85782E99-58CC-4F4A-A76F-AEF10EBF01D5}.Debug|iPhoneSimulator.ActiveCfg = Debug|Any CPU
		{85782E99-58CC-4F4A-A76F-AEF10EBF01D5}.Debug|iPhoneSimulator.Build.0 = Debug|Any CPU
		{85782E99-58CC-4F4A-A76F-AEF10EBF01D5}.Release|iPhone.ActiveCfg = Release|Any CPU
		{85782E99-58CC-4F4A-A76F-AEF10EBF01D5}.Release|iPhone.Build.0 = Release|Any CPU
		{85782E99-58CC-4F4A-A76F-AEF10EBF01D5}.Release|iPhoneSimulator.ActiveCfg = Release|Any CPU
		{85782E99-58CC-4F4A-A76F-AEF10EBF01D5}.Release|iPhoneSimulator.Build.0 = Release|Any CPU
		{85782E99-58CC-4F4A-A76F-AEF10EBF01D5}.Debug|iPhone.ActiveCfg = Debug|Any CPU
		{85782E99-58CC-4F4A-A76F-AEF10EBF01D5}.Debug|iPhone.Build.0 = Debug|Any CPU
		{E8955D54-F1AE-4B54-96B4-6CF73BD8021F}.Debug|Any CPU.ActiveCfg = Debug|iPhoneSimulator
		{E8955D54-F1AE-4B54-96B4-6CF73BD8021F}.Debug|Any CPU.Build.0 = Debug|iPhoneSimulator
		{E8955D54-F1AE-4B54-96B4-6CF73BD8021F}.Release|Any CPU.ActiveCfg = Debug|iPhoneSimulator
		{E8955D54-F1AE-4B54-96B4-6CF73BD8021F}.Release|Any CPU.Build.0 = Debug|iPhoneSimulator
		{E8955D54-F1AE-4B54-96B4-6CF73BD8021F}.Debug|iPhoneSimulator.ActiveCfg = Debug|iPhoneSimulator
		{E8955D54-F1AE-4B54-96B4-6CF73BD8021F}.Debug|iPhoneSimulator.Build.0 = Debug|iPhoneSimulator
		{E8955D54-F1AE-4B54-96B4-6CF73BD8021F}.Release|iPhone.ActiveCfg = Release|iPhone
		{E8955D54-F1AE-4B54-96B4-6CF73BD8021F}.Release|iPhone.Build.0 = Release|iPhone
		{E8955D54-F1AE-4B54-96B4-6CF73BD8021F}.Release|iPhoneSimulator.ActiveCfg = Release|iPhoneSimulator
		{E8955D54-F1AE-4B54-96B4-6CF73BD8021F}.Release|iPhoneSimulator.Build.0 = Release|iPhoneSimulator
		{E8955D54-F1AE-4B54-96B4-6CF73BD8021F}.Debug|iPhone.ActiveCfg = Debug|iPhone
		{E8955D54-F1AE-4B54-96B4-6CF73BD8021F}.Debug|iPhone.Build.0 = Debug|iPhone
		{16011700-BE9F-43A0-A779-264FF066D15D}.Debug|Any CPU.ActiveCfg = Debug|Any CPU
		{16011700-BE9F-43A0-A779-264FF066D15D}.Debug|Any CPU.Build.0 = Debug|Any CPU
		{16011700-BE9F-43A0-A779-264FF066D15D}.Release|Any CPU.ActiveCfg = Release|Any CPU
		{16011700-BE9F-43A0-A779-264FF066D15D}.Release|Any CPU.Build.0 = Release|Any CPU
		{16011700-BE9F-43A0-A779-264FF066D15D}.Debug|iPhoneSimulator.ActiveCfg = Debug|Any CPU
		{16011700-BE9F-43A0-A779-264FF066D15D}.Debug|iPhoneSimulator.Build.0 = Debug|Any CPU
		{16011700-BE9F-43A0-A779-264FF066D15D}.Release|iPhone.ActiveCfg = Release|Any CPU
		{16011700-BE9F-43A0-A779-264FF066D15D}.Release|iPhone.Build.0 = Release|Any CPU
		{16011700-BE9F-43A0-A779-264FF066D15D}.Release|iPhoneSimulator.ActiveCfg = Release|Any CPU
		{16011700-BE9F-43A0-A779-264FF066D15D}.Release|iPhoneSimulator.Build.0 = Release|Any CPU
		{16011700-BE9F-43A0-A779-264FF066D15D}.Debug|iPhone.ActiveCfg = Debug|Any CPU
		{16011700-BE9F-43A0-A779-264FF066D15D}.Debug|iPhone.Build.0 = Debug|Any CPU
	EndGlobalSection
	GlobalSection(MonoDevelopProperties) = preSolution
		Policies = $0
		$0.StandardHeader = $1
		$1.Text = @/*\n * Copyright (C) 2016 Ansuria Solutions LLC & Tommy Baggett: \n * http://github.com/tbaggett\n * http://twitter.com/tbaggett\n * http://tommyb.com\n * http://ansuria.com\n * \n * The MIT License (MIT) see GitHub For more information\n *\n * Unless required by applicable law or agreed to in writing, software\n * distributed under the License is distributed on an "AS IS" BASIS,\n * WITHOUT WARRANTIES OR CONDITIONS OF ANY KIND, either express or implied.\n * See the License for the specific language governing permissions and\n * limitations under the License.\n */\n
		$1.IncludeInNewFiles = True
	EndGlobalSection
EndGlobal
